
Microsoft Visual Studio Solution File, Format Version 12.00
# Visual Studio Version 16
VisualStudioVersion = 16.0.29911.84
MinimumVisualStudioVersion = 10.0.40219.1
Project("{FAE04EC0-301F-11D3-BF4B-00C04F79EFBC}") = "App01_ConsultarCEP.UWP", "App01_ConsultarCEP\App01_ConsultarCEP.UWP\App01_ConsultarCEP.UWP.csproj", "{58D16E73-E67E-42F6-872F-EF29B20C3782}"
EndProject
Project("{FAE04EC0-301F-11D3-BF4B-00C04F79EFBC}") = "App01_ConsultarCEP.Android", "App01_ConsultarCEP\App01_ConsultarCEP.Android\App01_ConsultarCEP.Android.csproj", "{F157B192-35E3-4F9A-A557-CBAE2D7F8201}"
EndProject
Project("{FAE04EC0-301F-11D3-BF4B-00C04F79EFBC}") = "App01_ConsultarCEP.iOS", "App01_ConsultarCEP\App01_ConsultarCEP.iOS\App01_ConsultarCEP.iOS.csproj", "{802A58A4-9777-490D-A0CD-D4AC6A05ADC9}"
EndProject
Project("{FAE04EC0-301F-11D3-BF4B-00C04F79EFBC}") = "App01_ConsultarCEP", "App01_ConsultarCEP\App01_ConsultarCEP\App01_ConsultarCEP.csproj", "{94E5158E-3C97-4A5E-B074-1B501870338A}"
EndProject
Global
	GlobalSection(SolutionConfigurationPlatforms) = preSolution
		Debug|Any CPU = Debug|Any CPU
		Debug|ARM = Debug|ARM
		Debug|iPhone = Debug|iPhone
		Debug|iPhoneSimulator = Debug|iPhoneSimulator
		Debug|x64 = Debug|x64
		Debug|x86 = Debug|x86
		Release|Any CPU = Release|Any CPU
		Release|ARM = Release|ARM
		Release|iPhone = Release|iPhone
		Release|iPhoneSimulator = Release|iPhoneSimulator
		Release|x64 = Release|x64
		Release|x86 = Release|x86
	EndGlobalSection
	GlobalSection(ProjectConfigurationPlatforms) = postSolution
		{58D16E73-E67E-42F6-872F-EF29B20C3782}.Debug|Any CPU.ActiveCfg = Debug|x86
		{58D16E73-E67E-42F6-872F-EF29B20C3782}.Debug|Any CPU.Build.0 = Debug|x86
		{58D16E73-E67E-42F6-872F-EF29B20C3782}.Debug|Any CPU.Deploy.0 = Debug|x86
		{58D16E73-E67E-42F6-872F-EF29B20C3782}.Debug|ARM.ActiveCfg = Debug|ARM
		{58D16E73-E67E-42F6-872F-EF29B20C3782}.Debug|ARM.Build.0 = Debug|ARM
		{58D16E73-E67E-42F6-872F-EF29B20C3782}.Debug|ARM.Deploy.0 = Debug|ARM
		{58D16E73-E67E-42F6-872F-EF29B20C3782}.Debug|iPhone.ActiveCfg = Debug|x86
		{58D16E73-E67E-42F6-872F-EF29B20C3782}.Debug|iPhone.Build.0 = Debug|x86
		{58D16E73-E67E-42F6-872F-EF29B20C3782}.Debug|iPhone.Deploy.0 = Debug|x86
		{58D16E73-E67E-42F6-872F-EF29B20C3782}.Debug|iPhoneSimulator.ActiveCfg = Debug|x86
		{58D16E73-E67E-42F6-872F-EF29B20C3782}.Debug|iPhoneSimulator.Build.0 = Debug|x86
		{58D16E73-E67E-42F6-872F-EF29B20C3782}.Debug|iPhoneSimulator.Deploy.0 = Debug|x86
		{58D16E73-E67E-42F6-872F-EF29B20C3782}.Debug|x64.ActiveCfg = Debug|x64
		{58D16E73-E67E-42F6-872F-EF29B20C3782}.Debug|x64.Build.0 = Debug|x64
		{58D16E73-E67E-42F6-872F-EF29B20C3782}.Debug|x64.Deploy.0 = Debug|x64
		{58D16E73-E67E-42F6-872F-EF29B20C3782}.Debug|x86.ActiveCfg = Debug|x86
		{58D16E73-E67E-42F6-872F-EF29B20C3782}.Debug|x86.Build.0 = Debug|x86
		{58D16E73-E67E-42F6-872F-EF29B20C3782}.Debug|x86.Deploy.0 = Debug|x86
		{58D16E73-E67E-42F6-872F-EF29B20C3782}.Release|Any CPU.ActiveCfg = Release|x86
		{58D16E73-E67E-42F6-872F-EF29B20C3782}.Release|Any CPU.Build.0 = Release|x86
		{58D16E73-E67E-42F6-872F-EF29B20C3782}.Release|Any CPU.Deploy.0 = Release|x86
		{58D16E73-E67E-42F6-872F-EF29B20C3782}.Release|ARM.ActiveCfg = Release|ARM
		{58D16E73-E67E-42F6-872F-EF29B20C3782}.Release|ARM.Build.0 = Release|ARM
		{58D16E73-E67E-42F6-872F-EF29B20C3782}.Release|ARM.Deploy.0 = Release|ARM
		{58D16E73-E67E-42F6-872F-EF29B20C3782}.Release|iPhone.ActiveCfg = Release|x86
		{58D16E73-E67E-42F6-872F-EF29B20C3782}.Release|iPhone.Build.0 = Release|x86
		{58D16E73-E67E-42F6-872F-EF29B20C3782}.Release|iPhone.Deploy.0 = Release|x86
		{58D16E73-E67E-42F6-872F-EF29B20C3782}.Release|iPhoneSimulator.ActiveCfg = Release|x86
		{58D16E73-E67E-42F6-872F-EF29B20C3782}.Release|iPhoneSimulator.Build.0 = Release|x86
		{58D16E73-E67E-42F6-872F-EF29B20C3782}.Release|iPhoneSimulator.Deploy.0 = Release|x86
		{58D16E73-E67E-42F6-872F-EF29B20C3782}.Release|x64.ActiveCfg = Release|x64
		{58D16E73-E67E-42F6-872F-EF29B20C3782}.Release|x64.Build.0 = Release|x64
		{58D16E73-E67E-42F6-872F-EF29B20C3782}.Release|x64.Deploy.0 = Release|x64
		{58D16E73-E67E-42F6-872F-EF29B20C3782}.Release|x86.ActiveCfg = Release|x86
		{58D16E73-E67E-42F6-872F-EF29B20C3782}.Release|x86.Build.0 = Release|x86
		{58D16E73-E67E-42F6-872F-EF29B20C3782}.Release|x86.Deploy.0 = Release|x86
		{F157B192-35E3-4F9A-A557-CBAE2D7F8201}.Debug|Any CPU.ActiveCfg = Debug|Any CPU
		{F157B192-35E3-4F9A-A557-CBAE2D7F8201}.Debug|Any CPU.Build.0 = Debug|Any CPU
		{F157B192-35E3-4F9A-A557-CBAE2D7F8201}.Debug|Any CPU.Deploy.0 = Debug|Any CPU
		{F157B192-35E3-4F9A-A557-CBAE2D7F8201}.Debug|ARM.ActiveCfg = Debug|Any CPU
		{F157B192-35E3-4F9A-A557-CBAE2D7F8201}.Debug|ARM.Build.0 = Debug|Any CPU
		{F157B192-35E3-4F9A-A557-CBAE2D7F8201}.Debug|ARM.Deploy.0 = Debug|Any CPU
		{F157B192-35E3-4F9A-A557-CBAE2D7F8201}.Debug|iPhone.ActiveCfg = Debug|Any CPU
		{F157B192-35E3-4F9A-A557-CBAE2D7F8201}.Debug|iPhone.Build.0 = Debug|Any CPU
		{F157B192-35E3-4F9A-A557-CBAE2D7F8201}.Debug|iPhone.Deploy.0 = Debug|Any CPU
		{F157B192-35E3-4F9A-A557-CBAE2D7F8201}.Debug|iPhoneSimulator.ActiveCfg = Debug|Any CPU
		{F157B192-35E3-4F9A-A557-CBAE2D7F8201}.Debug|iPhoneSimulator.Build.0 = Debug|Any CPU
		{F157B192-35E3-4F9A-A557-CBAE2D7F8201}.Debug|iPhoneSimulator.Deploy.0 = Debug|Any CPU
		{F157B192-35E3-4F9A-A557-CBAE2D7F8201}.Debug|x64.ActiveCfg = Debug|Any CPU
		{F157B192-35E3-4F9A-A557-CBAE2D7F8201}.Debug|x64.Build.0 = Debug|Any CPU
		{F157B192-35E3-4F9A-A557-CBAE2D7F8201}.Debug|x64.Deploy.0 = Debug|Any CPU
		{F157B192-35E3-4F9A-A557-CBAE2D7F8201}.Debug|x86.ActiveCfg = Debug|Any CPU
		{F157B192-35E3-4F9A-A557-CBAE2D7F8201}.Debug|x86.Build.0 = Debug|Any CPU
		{F157B192-35E3-4F9A-A557-CBAE2D7F8201}.Debug|x86.Deploy.0 = Debug|Any CPU
		{F157B192-35E3-4F9A-A557-CBAE2D7F8201}.Release|Any CPU.ActiveCfg = Release|Any CPU
		{F157B192-35E3-4F9A-A557-CBAE2D7F8201}.Release|Any CPU.Build.0 = Release|Any CPU
		{F157B192-35E3-4F9A-A557-CBAE2D7F8201}.Release|Any CPU.Deploy.0 = Release|Any CPU
		{F157B192-35E3-4F9A-A557-CBAE2D7F8201}.Release|ARM.ActiveCfg = Release|Any CPU
		{F157B192-35E3-4F9A-A557-CBAE2D7F8201}.Release|ARM.Build.0 = Release|Any CPU
		{F157B192-35E3-4F9A-A557-CBAE2D7F8201}.Release|ARM.Deploy.0 = Release|Any CPU
		{F157B192-35E3-4F9A-A557-CBAE2D7F8201}.Release|iPhone.ActiveCfg = Release|Any CPU
		{F157B192-35E3-4F9A-A557-CBAE2D7F8201}.Release|iPhone.Build.0 = Release|Any CPU
		{F157B192-35E3-4F9A-A557-CBAE2D7F8201}.Release|iPhone.Deploy.0 = Release|Any CPU
		{F157B192-35E3-4F9A-A557-CBAE2D7F8201}.Release|iPhoneSimulator.ActiveCfg = Release|Any CPU
		{F157B192-35E3-4F9A-A557-CBAE2D7F8201}.Release|iPhoneSimulator.Build.0 = Release|Any CPU
		{F157B192-35E3-4F9A-A557-CBAE2D7F8201}.Release|iPhoneSimulator.Deploy.0 = Release|Any CPU
		{F157B192-35E3-4F9A-A557-CBAE2D7F8201}.Release|x64.ActiveCfg = Release|Any CPU
		{F157B192-35E3-4F9A-A557-CBAE2D7F8201}.Release|x64.Build.0 = Release|Any CPU
		{F157B192-35E3-4F9A-A557-CBAE2D7F8201}.Release|x64.Deploy.0 = Release|Any CPU
		{F157B192-35E3-4F9A-A557-CBAE2D7F8201}.Release|x86.ActiveCfg = Release|Any CPU
		{F157B192-35E3-4F9A-A557-CBAE2D7F8201}.Release|x86.Build.0 = Release|Any CPU
		{F157B192-35E3-4F9A-A557-CBAE2D7F8201}.Release|x86.Deploy.0 = Release|Any CPU
		{802A58A4-9777-490D-A0CD-D4AC6A05ADC9}.Debug|Any CPU.ActiveCfg = Debug|iPhone
		{802A58A4-9777-490D-A0CD-D4AC6A05ADC9}.Debug|Any CPU.Build.0 = Debug|iPhone
		{802A58A4-9777-490D-A0CD-D4AC6A05ADC9}.Debug|Any CPU.Deploy.0 = Debug|iPhone
		{802A58A4-9777-490D-A0CD-D4AC6A05ADC9}.Debug|ARM.ActiveCfg = Debug|iPhone
		{802A58A4-9777-490D-A0CD-D4AC6A05ADC9}.Debug|ARM.Build.0 = Debug|iPhone
		{802A58A4-9777-490D-A0CD-D4AC6A05ADC9}.Debug|ARM.Deploy.0 = Debug|iPhone
		{802A58A4-9777-490D-A0CD-D4AC6A05ADC9}.Debug|iPhone.ActiveCfg = Debug|iPhone
		{802A58A4-9777-490D-A0CD-D4AC6A05ADC9}.Debug|iPhone.Build.0 = Debug|iPhone
		{802A58A4-9777-490D-A0CD-D4AC6A05ADC9}.Debug|iPhone.Deploy.0 = Debug|iPhone
		{802A58A4-9777-490D-A0CD-D4AC6A05ADC9}.Debug|iPhoneSimulator.ActiveCfg = Debug|iPhoneSimulator
		{802A58A4-9777-490D-A0CD-D4AC6A05ADC9}.Debug|iPhoneSimulator.Build.0 = Debug|iPhoneSimulator
		{802A58A4-9777-490D-A0CD-D4AC6A05ADC9}.Debug|iPhoneSimulator.Deploy.0 = Debug|iPhoneSimulator
		{802A58A4-9777-490D-A0CD-D4AC6A05ADC9}.Debug|x64.ActiveCfg = Debug|iPhone
		{802A58A4-9777-490D-A0CD-D4AC6A05ADC9}.Debug|x64.Build.0 = Debug|iPhone
		{802A58A4-9777-490D-A0CD-D4AC6A05ADC9}.Debug|x64.Deploy.0 = Debug|iPhone
		{802A58A4-9777-490D-A0CD-D4AC6A05ADC9}.Debug|x86.ActiveCfg = Debug|iPhone
		{802A58A4-9777-490D-A0CD-D4AC6A05ADC9}.Debug|x86.Build.0 = Debug|iPhone
		{802A58A4-9777-490D-A0CD-D4AC6A05ADC9}.Debug|x86.Deploy.0 = Debug|iPhone
		{802A58A4-9777-490D-A0CD-D4AC6A05ADC9}.Release|Any CPU.ActiveCfg = Release|iPhone
		{802A58A4-9777-490D-A0CD-D4AC6A05ADC9}.Release|Any CPU.Build.0 = Release|iPhone
		{802A58A4-9777-490D-A0CD-D4AC6A05ADC9}.Release|Any CPU.Deploy.0 = Release|iPhone
		{802A58A4-9777-490D-A0CD-D4AC6A05ADC9}.Release|ARM.ActiveCfg = Release|iPhone
		{802A58A4-9777-490D-A0CD-D4AC6A05ADC9}.Release|ARM.Build.0 = Release|iPhone
		{802A58A4-9777-490D-A0CD-D4AC6A05ADC9}.Release|ARM.Deploy.0 = Release|iPhone
		{802A58A4-9777-490D-A0CD-D4AC6A05ADC9}.Release|iPhone.ActiveCfg = Release|iPhone
		{802A58A4-9777-490D-A0CD-D4AC6A05ADC9}.Release|iPhone.Build.0 = Release|iPhone
		{802A58A4-9777-490D-A0CD-D4AC6A05ADC9}.Release|iPhone.Deploy.0 = Release|iPhone
		{802A58A4-9777-490D-A0CD-D4AC6A05ADC9}.Release|iPhoneSimulator.ActiveCfg = Release|iPhoneSimulator
		{802A58A4-9777-490D-A0CD-D4AC6A05ADC9}.Release|iPhoneSimulator.Build.0 = Release|iPhoneSimulator
		{802A58A4-9777-490D-A0CD-D4AC6A05ADC9}.Release|iPhoneSimulator.Deploy.0 = Release|iPhoneSimulator
		{802A58A4-9777-490D-A0CD-D4AC6A05ADC9}.Release|x64.ActiveCfg = Release|iPhone
		{802A58A4-9777-490D-A0CD-D4AC6A05ADC9}.Release|x64.Build.0 = Release|iPhone
		{802A58A4-9777-490D-A0CD-D4AC6A05ADC9}.Release|x64.Deploy.0 = Release|iPhone
		{802A58A4-9777-490D-A0CD-D4AC6A05ADC9}.Release|x86.ActiveCfg = Release|iPhone
		{802A58A4-9777-490D-A0CD-D4AC6A05ADC9}.Release|x86.Build.0 = Release|iPhone
		{802A58A4-9777-490D-A0CD-D4AC6A05ADC9}.Release|x86.Deploy.0 = Release|iPhone
		{94E5158E-3C97-4A5E-B074-1B501870338A}.Debug|Any CPU.ActiveCfg = Debug|Any CPU
		{94E5158E-3C97-4A5E-B074-1B501870338A}.Debug|Any CPU.Build.0 = Debug|Any CPU
		{94E5158E-3C97-4A5E-B074-1B501870338A}.Debug|Any CPU.Deploy.0 = Debug|Any CPU
		{94E5158E-3C97-4A5E-B074-1B501870338A}.Debug|ARM.ActiveCfg = Debug|Any CPU
		{94E5158E-3C97-4A5E-B074-1B501870338A}.Debug|ARM.Build.0 = Debug|Any CPU
		{94E5158E-3C97-4A5E-B074-1B501870338A}.Debug|ARM.Deploy.0 = Debug|Any CPU
		{94E5158E-3C97-4A5E-B074-1B501870338A}.Debug|iPhone.ActiveCfg = Debug|Any CPU
		{94E5158E-3C97-4A5E-B074-1B501870338A}.Debug|iPhone.Build.0 = Debug|Any CPU
		{94E5158E-3C97-4A5E-B074-1B501870338A}.Debug|iPhone.Deploy.0 = Debug|Any CPU
		{94E5158E-3C97-4A5E-B074-1B501870338A}.Debug|iPhoneSimulator.ActiveCfg = Debug|Any CPU
		{94E5158E-3C97-4A5E-B074-1B501870338A}.Debug|iPhoneSimulator.Build.0 = Debug|Any CPU
		{94E5158E-3C97-4A5E-B074-1B501870338A}.Debug|iPhoneSimulator.Deploy.0 = Debug|Any CPU
		{94E5158E-3C97-4A5E-B074-1B501870338A}.Debug|x64.ActiveCfg = Debug|Any CPU
		{94E5158E-3C97-4A5E-B074-1B501870338A}.Debug|x64.Build.0 = Debug|Any CPU
		{94E5158E-3C97-4A5E-B074-1B501870338A}.Debug|x64.Deploy.0 = Debug|Any CPU
		{94E5158E-3C97-4A5E-B074-1B501870338A}.Debug|x86.ActiveCfg = Debug|Any CPU
		{94E5158E-3C97-4A5E-B074-1B501870338A}.Debug|x86.Build.0 = Debug|Any CPU
		{94E5158E-3C97-4A5E-B074-1B501870338A}.Debug|x86.Deploy.0 = Debug|Any CPU
		{94E5158E-3C97-4A5E-B074-1B501870338A}.Release|Any CPU.ActiveCfg = Release|Any CPU
		{94E5158E-3C97-4A5E-B074-1B501870338A}.Release|Any CPU.Build.0 = Release|Any CPU
		{94E5158E-3C97-4A5E-B074-1B501870338A}.Release|Any CPU.Deploy.0 = Release|Any CPU
		{94E5158E-3C97-4A5E-B074-1B501870338A}.Release|ARM.ActiveCfg = Release|Any CPU
		{94E5158E-3C97-4A5E-B074-1B501870338A}.Release|ARM.Build.0 = Release|Any CPU
		{94E5158E-3C97-4A5E-B074-1B501870338A}.Release|ARM.Deploy.0 = Release|Any CPU
		{94E5158E-3C97-4A5E-B074-1B501870338A}.Release|iPhone.ActiveCfg = Release|Any CPU
		{94E5158E-3C97-4A5E-B074-1B501870338A}.Release|iPhone.Build.0 = Release|Any CPU
		{94E5158E-3C97-4A5E-B074-1B501870338A}.Release|iPhone.Deploy.0 = Release|Any CPU
		{94E5158E-3C97-4A5E-B074-1B501870338A}.Release|iPhoneSimulator.ActiveCfg = Release|Any CPU
		{94E5158E-3C97-4A5E-B074-1B501870338A}.Release|iPhoneSimulator.Build.0 = Release|Any CPU
		{94E5158E-3C97-4A5E-B074-1B501870338A}.Release|iPhoneSimulator.Deploy.0 = Release|Any CPU
		{94E5158E-3C97-4A5E-B074-1B501870338A}.Release|x64.ActiveCfg = Release|Any CPU
		{94E5158E-3C97-4A5E-B074-1B501870338A}.Release|x64.Build.0 = Release|Any CPU
		{94E5158E-3C97-4A5E-B074-1B501870338A}.Release|x64.Deploy.0 = Release|Any CPU
		{94E5158E-3C97-4A5E-B074-1B501870338A}.Release|x86.ActiveCfg = Release|Any CPU
		{94E5158E-3C97-4A5E-B074-1B501870338A}.Release|x86.Build.0 = Release|Any CPU
		{94E5158E-3C97-4A5E-B074-1B501870338A}.Release|x86.Deploy.0 = Release|Any CPU
	EndGlobalSection
	GlobalSection(SolutionProperties) = preSolution
		HideSolutionNode = FALSE
	EndGlobalSection
	GlobalSection(ExtensibilityGlobals) = postSolution
		SolutionGuid = {6CD01176-5A72-4CA3-AD9C-2714DC6F9ED8}
	EndGlobalSection
EndGlobal
